
Microsoft Visual Studio Solution File, Format Version 11.00
# Visual Studio 2010
Project("{FAE04EC0-301F-11D3-BF4B-00C04F79EFBC}") = "Assembly-CSharp", "Assembly-CSharp.csproj", "{26d0ccf1-1d65-03ce-3ce3-b68488d75da1}"
EndProject
Project("{FAE04EC0-301F-11D3-BF4B-00C04F79EFBC}") = "Assembly-CSharp-Editor", "Assembly-CSharp-Editor.csproj", "{61ea65d4-edc7-544a-bfdf-6ec994f26948}"
EndProject
Global
	GlobalSection(SolutionConfigurationPlatforms) = preSolution
		Debug|Any CPU = Debug|Any CPU
	EndGlobalSection
	GlobalSection(ProjectConfigurationPlatforms) = postSolution
		{26d0ccf1-1d65-03ce-3ce3-b68488d75da1}.Debug|Any CPU.ActiveCfg = Debug|Any CPU
		{26d0ccf1-1d65-03ce-3ce3-b68488d75da1}.Debug|Any CPU.Build.0 = Debug|Any CPU
		{61ea65d4-edc7-544a-bfdf-6ec994f26948}.Debug|Any CPU.ActiveCfg = Debug|Any CPU
		{61ea65d4-edc7-544a-bfdf-6ec994f26948}.Debug|Any CPU.Build.0 = Debug|Any CPU
	EndGlobalSection
	GlobalSection(SolutionProperties) = preSolution
		HideSolutionNode = FALSE
	EndGlobalSection
EndGlobal
